{
  "name": "magicmirror-fonts",
  "lockfileVersion": 2,
  "requires": true,
  "packages": {
    "": {
      "name": "magicmirror-fonts",
      "license": "MIT",
      "dependencies": {
        "roboto-fontface": "^0.8.0"
      }
    },
    "node_modules/roboto-fontface": {
      "version": "0.8.0",
      "resolved": "https://registry.npmjs.org/roboto-fontface/-/roboto-fontface-0.8.0.tgz",
      "integrity": "sha512-ZYzRkETgBrdEGzL5JSKimvjI2CX7ioyZCkX2BpcfyjqI+079W0wHAyj5W4rIZMcDSOHgLZtgz1IdDi/vU77KEQ=="
    }
  },
  "dependencies": {
    "roboto-fontface": {
      "version": "0.8.0",
      "resolved": "https://registry.npmjs.org/roboto-fontface/-/roboto-fontface-0.8.0.tgz",
      "integrity": "sha512-ZYzRkETgBrdEGzL5JSKimvjI2CX7ioyZCkX2BpcfyjqI+079W0wHAyj5W4rIZMcDSOHgLZtgz1IdDi/vU77KEQ=="
    }
  }
}
