# THIS IS AN AUTOGENERATED FILE. DO NOT EDIT THIS FILE DIRECTLY.
# yarn lockfile v1


"roboto-fontface@^0.8.0":
  "integrity" "sha512-ZYzRkETgBrdEGzL5JSKimvjI2CX7ioyZCkX2BpcfyjqI+079W0wHAyj5W4rIZMcDSOHgLZtgz1IdDi/vU77KEQ=="
  "resolved" "https://registry.npmjs.org/roboto-fontface/-/roboto-fontface-0.8.0.tgz"
  "version" "0.8.0"
